// !$*UTF8*$!
{
	archiveVersion = 1;
	classes = {
	};
	objectVersion = 50;
	objects = {

/* Begin PBXBuildFile section */
		BA58E32424EA80F70040A0F8 /* AppDelegate.swift in Sources */ = {isa = PBXBuildFile; fileRef = BA58E32324EA80F70040A0F8 /* AppDelegate.swift */; };
		BA58E32624EA80F70040A0F8 /* SceneDelegate.swift in Sources */ = {isa = PBXBuildFile; fileRef = BA58E32524EA80F70040A0F8 /* SceneDelegate.swift */; };
		BA58E32824EA80F70040A0F8 /* ViewController.swift in Sources */ = {isa = PBXBuildFile; fileRef = BA58E32724EA80F70040A0F8 /* ViewController.swift */; };
		BA58E32B24EA80F70040A0F8 /* Main.storyboard in Resources */ = {isa = PBXBuildFile; fileRef = BA58E32924EA80F70040A0F8 /* Main.storyboard */; };
		BA58E32D24EA80F80040A0F8 /* Assets.xcassets in Resources */ = {isa = PBXBuildFile; fileRef = BA58E32C24EA80F80040A0F8 /* Assets.xcassets */; };
		BA58E33024EA80F80040A0F8 /* LaunchScreen.storyboard in Resources */ = {isa = PBXBuildFile; fileRef = BA58E32E24EA80F80040A0F8 /* LaunchScreen.storyboard */; };
		BA58E33824EA82190040A0F8 /* catYears.jpg in Resources */ = {isa = PBXBuildFile; fileRef = BA58E33724EA82190040A0F8 /* catYears.jpg */; };
		BA58E33A24EA8FCE0040A0F8 /* cat.jpg in Resources */ = {isa = PBXBuildFile; fileRef = BA58E33924EA8FCE0040A0F8 /* cat.jpg */; };
/* End PBXBuildFile section */

/* Begin PBXFileReference section */
		BA58E32024EA80F70040A0F8 /* catYears.app */ = {isa = PBXFileReference; explicitFileType = wrapper.application; includeInIndex = 0; path = catYears.app; sourceTree = BUILT_PRODUCTS_DIR; };
		BA58E32324EA80F70040A0F8 /* AppDelegate.swift */ = {isa = PBXFileReference; lastKnownFileType = sourcecode.swift; path = AppDelegate.swift; sourceTree = "<group>"; };
		BA58E32524EA80F70040A0F8 /* SceneDelegate.swift */ = {isa = PBXFileReference; lastKnownFileType = sourcecode.swift; path = SceneDelegate.swift; sourceTree = "<group>"; };
		BA58E32724EA80F70040A0F8 /* ViewController.swift */ = {isa = PBXFileReference; lastKnownFileType = sourcecode.swift; path = ViewController.swift; sourceTree = "<group>"; };
		BA58E32A24EA80F70040A0F8 /* Base */ = {isa = PBXFileReference; lastKnownFileType = file.storyboard; name = Base; path = Base.lproj/Main.storyboard; sourceTree = "<group>"; };
		BA58E32C24EA80F80040A0F8 /* Assets.xcassets */ = {isa = PBXFileReference; lastKnownFileType = folder.assetcatalog; path = Assets.xcassets; sourceTree = "<group>"; };
		BA58E32F24EA80F80040A0F8 /* Base */ = {isa = PBXFileReference; lastKnownFileType = file.storyboard; name = Base; path = Base.lproj/LaunchScreen.storyboard; sourceTree = "<group>"; };
		BA58E33124EA80F80040A0F8 /* Info.plist */ = {isa = PBXFileReference; lastKnownFileType = text.plist.xml; path = Info.plist; sourceTree = "<group>"; };
		BA58E33724EA82190040A0F8 /* catYears.jpg */ = {isa = PBXFileReference; lastKnownFileType = image.jpeg; path = catYears.jpg; sourceTree = "<group>"; };
		BA58E33924EA8FCE0040A0F8 /* cat.jpg */ = {isa = PBXFileReference; lastKnownFileType = image.jpeg; path = cat.jpg; sourceTree = "<group>"; };
/* End PBXFileReference section */

/* Begin PBXFrameworksBuildPhase section */
		BA58E31D24EA80F70040A0F8 /* Frameworks */ = {
			isa = PBXFrameworksBuildPhase;
			buildActionMask = 2147483647;
			files = (
			);
			runOnlyForDeploymentPostprocessing = 0;
		};
/* End PBXFrameworksBuildPhase section */

/* Begin PBXGroup section */
		BA58E31724EA80F70040A0F8 = {
			isa = PBXGroup;
			children = (
				BA58E32224EA80F70040A0F8 /* catYears */,
				BA58E32124EA80F70040A0F8 /* Products */,
			);
			sourceTree = "<group>";
		};
		BA58E32124EA80F70040A0F8 /* Products */ = {
			isa = PBXGroup;
			children = (
				BA58E32024EA80F70040A0F8 /* catYears.app */,
			);
			name = Products;
			sourceTree = "<group>";
		};
		BA58E32224EA80F70040A0F8 /* catYears */ = {
			isa = PBXGroup;
			children = (
				BA58E33724EA82190040A0F8 /* catYears.jpg */,
				BA58E33924EA8FCE0040A0F8 /* cat.jpg */,
				BA58E32324EA80F70040A0F8 /* AppDelegate.swift */,
				BA58E32524EA80F70040A0F8 /* SceneDelegate.swift */,
				BA58E32724EA80F70040A0F8 /* ViewController.swift */,
				BA58E32924EA80F70040A0F8 /* Main.storyboard */,
				BA58E32C24EA80F80040A0F8 /* Assets.xcassets */,
				BA58E32E24EA80F80040A0F8 /* LaunchScreen.storyboard */,
				BA58E33124EA80F80040A0F8 /* Info.plist */,
			);
			path = catYears;
			sourceTree = "<group>";
		};
/* End PBXGroup section */

/* Begin PBXNativeTarget section */
		BA58E31F24EA80F70040A0F8 /* catYears */ = {
			isa = PBXNativeTarget;
			buildConfigurationList = BA58E33424EA80F80040A0F8 /* Build configuration list for PBXNativeTarget "catYears" */;
			buildPhases = (
				BA58E31C24EA80F70040A0F8 /* Sources */,
				BA58E31D24EA80F70040A0F8 /* Frameworks */,
				BA58E31E24EA80F70040A0F8 /* Resources */,
			);
			buildRules = (
			);
			dependencies = (
			);
			name = catYears;
			productName = catYears;
			productReference = BA58E32024EA80F70040A0F8 /* catYears.app */;
			productType = "com.apple.product-type.application";
		};
/* End PBXNativeTarget section */

/* Begin PBXProject section */
		BA58E31824EA80F70040A0F8 /* Project object */ = {
			isa = PBXProject;
			attributes = {
				LastSwiftUpdateCheck = 1160;
				LastUpgradeCheck = 1160;
				ORGANIZATIONNAME = henry;
				TargetAttributes = {
					BA58E31F24EA80F70040A0F8 = {
						CreatedOnToolsVersion = 11.6;
					};
				};
			};
			buildConfigurationList = BA58E31B24EA80F70040A0F8 /* Build configuration list for PBXProject "catYears" */;
			compatibilityVersion = "Xcode 9.3";
			developmentRegion = en;
			hasScannedForEncodings = 0;
			knownRegions = (
				en,
				Base,
			);
			mainGroup = BA58E31724EA80F70040A0F8;
			productRefGroup = BA58E32124EA80F70040A0F8 /* Products */;
			projectDirPath = "";
			projectRoot = "";
			targets = (
				BA58E31F24EA80F70040A0F8 /* catYears */,
			);
		};
/* End PBXProject section */

/* Begin PBXResourcesBuildPhase section */
		BA58E31E24EA80F70040A0F8 /* Resources */ = {
			isa = PBXResourcesBuildPhase;
			buildActionMask = 2147483647;
			files = (
				BA58E33A24EA8FCE0040A0F8 /* cat.jpg in Resources */,
				BA58E33024EA80F80040A0F8 /* LaunchScreen.storyboard in Resources */,
				BA58E32D24EA80F80040A0F8 /* Assets.xcassets in Resources */,
				BA58E32B24EA80F70040A0F8 /* Main.storyboard in Resources */,
				BA58E33824EA82190040A0F8 /* catYears.jpg in Resources */,
			);
			runOnlyForDeploymentPostprocessing = 0;
		};
/* End PBXResourcesBuildPhase section */

/* Begin PBXSourcesBuildPhase section */
		BA58E31C24EA80F70040A0F8 /* Sources */ = {
			isa = PBXSourcesBuildPhase;
			buildActionMask = 2147483647;
			files = (
				BA58E32824EA80F70040A0F8 /* ViewController.swift in Sources */,
				BA58E32424EA80F70040A0F8 /* AppDelegate.swift in Sources */,
				BA58E32624EA80F70040A0F8 /* SceneDelegate.swift in Sources */,
			);
			runOnlyForDeploymentPostprocessing = 0;
		};
/* End PBXSourcesBuildPhase section */

/* Begin PBXVariantGroup section */
		BA58E32924EA80F70040A0F8 /* Main.storyboard */ = {
			isa = PBXVariantGroup;
			children = (
				BA58E32A24EA80F70040A0F8 /* Base */,
			);
			name = Main.storyboard;
			sourceTree = "<group>";
		};
		BA58E32E24EA80F80040A0F8 /* LaunchScreen.storyboard */ = {
			isa = PBXVariantGroup;
			children = (
				BA58E32F24EA80F80040A0F8 /* Base */,
			);
			name = LaunchScreen.storyboard;
			sourceTree = "<group>";
		};
/* End PBXVariantGroup section */

/* Begin XCBuildConfiguration section */
		BA58E33224EA80F80040A0F8 /* Debug */ = {
			isa = XCBuildConfiguration;
			buildSettings = {
				ALWAYS_SEARCH_USER_PATHS = NO;
				CLANG_ANALYZER_NONNULL = YES;
				CLANG_ANALYZER_NUMBER_OBJECT_CONVERSION = YES_AGGRESSIVE;
				CLANG_CXX_LANGUAGE_STANDARD = "gnu++14";
				CLANG_CXX_LIBRARY = "libc++";
				CLANG_ENABLE_MODULES = YES;
				CLANG_ENABLE_OBJC_ARC = YES;
				CLANG_ENABLE_OBJC_WEAK = YES;
				CLANG_WARN_BLOCK_CAPTURE_AUTORELEASING = YES;
				CLANG_WARN_BOOL_CONVERSION = YES;
				CLANG_WARN_COMMA = YES;
				CLANG_WARN_CONSTANT_CONVERSION = YES;
				CLANG_WARN_DEPRECATED_OBJC_IMPLEMENTATIONS = YES;
				CLANG_WARN_DIRECT_OBJC_ISA_USAGE = YES_ERROR;
				CLANG_WARN_DOCUMENTATION_COMMENTS = YES;
				CLANG_WARN_EMPTY_BODY = YES;
				CLANG_WARN_ENUM_CONVERSION = YES;
				CLANG_WARN_INFINITE_RECURSION = YES;
				CLANG_WARN_INT_CONVERSION = YES;
				CLANG_WARN_NON_LITERAL_NULL_CONVERSION = YES;
				CLANG_WARN_OBJC_IMPLICIT_RETAIN_SELF = YES;
				CLANG_WARN_OBJC_LITERAL_CONVERSION = YES;
				CLANG_WARN_OBJC_ROOT_CLASS = YES_ERROR;
				CLANG_WARN_RANGE_LOOP_ANALYSIS = YES;
				CLANG_WARN_STRICT_PROTOTYPES = YES;
				CLANG_WARN_SUSPICIOUS_MOVE = YES;
				CLANG_WARN_UNGUARDED_AVAILABILITY = YES_AGGRESSIVE;
				CLANG_WARN_UNREACHABLE_CODE = YES;
				CLANG_WARN__DUPLICATE_METHOD_MATCH = YES;
				COPY_PHASE_STRIP = NO;
				DEBUG_INFORMATION_FORMAT = dwarf;
				ENABLE_STRICT_OBJC_MSGSEND = YES;
				ENABLE_TESTABILITY = YES;
				GCC_C_LANGUAGE_STANDARD = gnu11;
				GCC_DYNAMIC_NO_PIC = NO;
				GCC_NO_COMMON_BLOCKS = YES;
				GCC_OPTIMIZATION_LEVEL = 0;
				GCC_PREPROCESSOR_DEFINITIONS = (
					"DEBUG=1",
					"$(inherited)",
				);
				GCC_WARN_64_TO_32_BIT_CONVERSION = YES;
				GCC_WARN_ABOUT_RETURN_TYPE = YES_ERROR;
				GCC_WARN_UNDECLARED_SELECTOR = YES;
				GCC_WARN_UNINITIALIZED_AUTOS = YES_AGGRESSIVE;
				GCC_WARN_UNUSED_FUNCTION = YES;
				GCC_WARN_UNUSED_VARIABLE = YES;
				IPHONEOS_DEPLOYMENT_TARGET = 13.6;
				MTL_ENABLE_DEBUG_INFO = INCLUDE_SOURCE;
				MTL_FAST_MATH = YES;
				ONLY_ACTIVE_ARCH = YES;
				SDKROOT = iphoneos;
				SWIFT_ACTIVE_COMPILATION_CONDITIONS = DEBUG;
				SWIFT_OPTIMIZATION_LEVEL = "-Onone";
			};
			name = Debug;
		};
		BA58E33324EA80F80040A0F8 /* Release */ = {
			isa = XCBuildConfiguration;
			buildSettings = {
				ALWAYS_SEARCH_USER_PATHS = NO;
				CLANG_ANALYZER_NONNULL = YES;
				CLANG_ANALYZER_NUMBER_OBJECT_CONVERSION = YES_AGGRESSIVE;
				CLANG_CXX_LANGUAGE_STANDARD = "gnu++14";
				CLANG_CXX_LIBRARY = "libc++";
				CLANG_ENABLE_MODULES = YES;
				CLANG_ENABLE_OBJC_ARC = YES;
				CLANG_ENABLE_OBJC_WEAK = YES;
				CLANG_WARN_BLOCK_CAPTURE_AUTORELEASING = YES;
				CLANG_WARN_BOOL_CONVERSION = YES;
				CLANG_WARN_COMMA = YES;
				CLANG_WARN_CONSTANT_CONVERSION = YES;
				CLANG_WARN_DEPRECATED_OBJC_IMPLEMENTATIONS = YES;
				CLANG_WARN_DIRECT_OBJC_ISA_USAGE = YES_ERROR;
				CLANG_WARN_DOCUMENTATION_COMMENTS = YES;
				CLANG_WARN_EMPTY_BODY = YES;
				CLANG_WARN_ENUM_CONVERSION = YES;
				CLANG_WARN_INFINITE_RECURSION = YES;
				CLANG_WARN_INT_CONVERSION = YES;
				CLANG_WARN_NON_LITERAL_NULL_CONVERSION = YES;
				CLANG_WARN_OBJC_IMPLICIT_RETAIN_SELF = YES;
				CLANG_WARN_OBJC_LITERAL_CONVERSION = YES;
				CLANG_WARN_OBJC_ROOT_CLASS = YES_ERROR;
				CLANG_WARN_RANGE_LOOP_ANALYSIS = YES;
				CLANG_WARN_STRICT_PROTOTYPES = YES;
				CLANG_WARN_SUSPICIOUS_MOVE = YES;
				CLANG_WARN_UNGUARDED_AVAILABILITY = YES_AGGRESSIVE;
				CLANG_WARN_UNREACHABLE_CODE = YES;
				CLANG_WARN__DUPLICATE_METHOD_MATCH = YES;
				COPY_PHASE_STRIP = NO;
				DEBUG_INFORMATION_FORMAT = "dwarf-with-dsym";
				ENABLE_NS_ASSERTIONS = NO;
				ENABLE_STRICT_OBJC_MSGSEND = YES;
				GCC_C_LANGUAGE_STANDARD = gnu11;
				GCC_NO_COMMON_BLOCKS = YES;
				GCC_WARN_64_TO_32_BIT_CONVERSION = YES;
				GCC_WARN_ABOUT_RETURN_TYPE = YES_ERROR;
				GCC_WARN_UNDECLARED_SELECTOR = YES;
				GCC_WARN_UNINITIALIZED_AUTOS = YES_AGGRESSIVE;
				GCC_WARN_UNUSED_FUNCTION = YES;
				GCC_WARN_UNUSED_VARIABLE = YES;
				IPHONEOS_DEPLOYMENT_TARGET = 13.6;
				MTL_ENABLE_DEBUG_INFO = NO;
				MTL_FAST_MATH = YES;
				SDKROOT = iphoneos;
				SWIFT_COMPILATION_MODE = wholemodule;
				SWIFT_OPTIMIZATION_LEVEL = "-O";
				VALIDATE_PRODUCT = YES;
			};
			name = Release;
		};
		BA58E33524EA80F80040A0F8 /* Debug */ = {
			isa = XCBuildConfiguration;
			buildSettings = {
				ASSETCATALOG_COMPILER_APPICON_NAME = AppIcon;
				CODE_SIGN_STYLE = Automatic;
				DEVELOPMENT_TEAM = W5X9564639;
				INFOPLIST_FILE = catYears/Info.plist;
				LD_RUNPATH_SEARCH_PATHS = (
					"$(inherited)",
					"@executable_path/Frameworks",
				);
				PRODUCT_BUNDLE_IDENTIFIER = com.henrymmmm.catYears;
				PRODUCT_NAME = "$(TARGET_NAME)";
				SWIFT_VERSION = 5.0;
				TARGETED_DEVICE_FAMILY = "1,2";
			};
			name = Debug;
		};
		BA58E33624EA80F80040A0F8 /* Release */ = {
			isa = XCBuildConfiguration;
			buildSettings = {
				ASSETCATALOG_COMPILER_APPICON_NAME = AppIcon;
				CODE_SIGN_STYLE = Automatic;
				DEVELOPMENT_TEAM = W5X9564639;
				INFOPLIST_FILE = catYears/Info.plist;
				LD_RUNPATH_SEARCH_PATHS = (
					"$(inherited)",
					"@executable_path/Frameworks",
				);
				PRODUCT_BUNDLE_IDENTIFIER = com.henrymmmm.catYears;
				PRODUCT_NAME = "$(TARGET_NAME)";
				SWIFT_VERSION = 5.0;
				TARGETED_DEVICE_FAMILY = "1,2";
			};
			name = Release;
		};
/* End XCBuildConfiguration section */

/* Begin XCConfigurationList section */
		BA58E31B24EA80F70040A0F8 /* Build configuration list for PBXProject "catYears" */ = {
			isa = XCConfigurationList;
			buildConfigurations = (
				BA58E33224EA80F80040A0F8 /* Debug */,
				BA58E33324EA80F80040A0F8 /* Release */,
			);
			defaultConfigurationIsVisible = 0;
			defaultConfigurationName = Release;
		};
		BA58E33424EA80F80040A0F8 /* Build configuration list for PBXNativeTarget "catYears" */ = {
			isa = XCConfigurationList;
			buildConfigurations = (
				BA58E33524EA80F80040A0F8 /* Debug */,
				BA58E33624EA80F80040A0F8 /* Release */,
			);
			defaultConfigurationIsVisible = 0;
			defaultConfigurationName = Release;
		};
/* End XCConfigurationList section */
	};
	rootObject = BA58E31824EA80F70040A0F8 /* Project object */;
}
