// !$*UTF8*$!
{
	archiveVersion = 1;
	classes = {
	};
	objectVersion = 50;
	objects = {

/* Begin PBXBuildFile section */
		BAA1150D24A8087900F720E4 /* AppDelegate.swift in Sources */ = {isa = PBXBuildFile; fileRef = BAA1150C24A8087900F720E4 /* AppDelegate.swift */; };
		BAA1150F24A8087900F720E4 /* SceneDelegate.swift in Sources */ = {isa = PBXBuildFile; fileRef = BAA1150E24A8087900F720E4 /* SceneDelegate.swift */; };
		BAA1151124A8087900F720E4 /* ViewController.swift in Sources */ = {isa = PBXBuildFile; fileRef = BAA1151024A8087900F720E4 /* ViewController.swift */; };
		BAA1151424A8087900F720E4 /* Main.storyboard in Resources */ = {isa = PBXBuildFile; fileRef = BAA1151224A8087900F720E4 /* Main.storyboard */; };
		BAA1151624A8087B00F720E4 /* Assets.xcassets in Resources */ = {isa = PBXBuildFile; fileRef = BAA1151524A8087B00F720E4 /* Assets.xcassets */; };
		BAA1151924A8087B00F720E4 /* LaunchScreen.storyboard in Resources */ = {isa = PBXBuildFile; fileRef = BAA1151724A8087B00F720E4 /* LaunchScreen.storyboard */; };
		BAA1152424A8087B00F720E4 /* I_Am_RichTests.swift in Sources */ = {isa = PBXBuildFile; fileRef = BAA1152324A8087B00F720E4 /* I_Am_RichTests.swift */; };
		BAA1152F24A8087B00F720E4 /* I_Am_RichUITests.swift in Sources */ = {isa = PBXBuildFile; fileRef = BAA1152E24A8087B00F720E4 /* I_Am_RichUITests.swift */; };
/* End PBXBuildFile section */

/* Begin PBXContainerItemProxy section */
		BAA1152024A8087B00F720E4 /* PBXContainerItemProxy */ = {
			isa = PBXContainerItemProxy;
			containerPortal = BAA1150124A8087900F720E4 /* Project object */;
			proxyType = 1;
			remoteGlobalIDString = BAA1150824A8087900F720E4;
			remoteInfo = "I Am Rich";
		};
		BAA1152B24A8087B00F720E4 /* PBXContainerItemProxy */ = {
			isa = PBXContainerItemProxy;
			containerPortal = BAA1150124A8087900F720E4 /* Project object */;
			proxyType = 1;
			remoteGlobalIDString = BAA1150824A8087900F720E4;
			remoteInfo = "I Am Rich";
		};
/* End PBXContainerItemProxy section */

/* Begin PBXFileReference section */
		BAA1150924A8087900F720E4 /* I Am Rich.app */ = {isa = PBXFileReference; explicitFileType = wrapper.application; includeInIndex = 0; path = "I Am Rich.app"; sourceTree = BUILT_PRODUCTS_DIR; };
		BAA1150C24A8087900F720E4 /* AppDelegate.swift */ = {isa = PBXFileReference; lastKnownFileType = sourcecode.swift; path = AppDelegate.swift; sourceTree = "<group>"; };
		BAA1150E24A8087900F720E4 /* SceneDelegate.swift */ = {isa = PBXFileReference; lastKnownFileType = sourcecode.swift; path = SceneDelegate.swift; sourceTree = "<group>"; };
		BAA1151024A8087900F720E4 /* ViewController.swift */ = {isa = PBXFileReference; lastKnownFileType = sourcecode.swift; path = ViewController.swift; sourceTree = "<group>"; };
		BAA1151324A8087900F720E4 /* Base */ = {isa = PBXFileReference; lastKnownFileType = file.storyboard; name = Base; path = Base.lproj/Main.storyboard; sourceTree = "<group>"; };
		BAA1151524A8087B00F720E4 /* Assets.xcassets */ = {isa = PBXFileReference; lastKnownFileType = folder.assetcatalog; path = Assets.xcassets; sourceTree = "<group>"; };
		BAA1151824A8087B00F720E4 /* Base */ = {isa = PBXFileReference; lastKnownFileType = file.storyboard; name = Base; path = Base.lproj/LaunchScreen.storyboard; sourceTree = "<group>"; };
		BAA1151A24A8087B00F720E4 /* Info.plist */ = {isa = PBXFileReference; lastKnownFileType = text.plist.xml; path = Info.plist; sourceTree = "<group>"; };
		BAA1151F24A8087B00F720E4 /* I Am RichTests.xctest */ = {isa = PBXFileReference; explicitFileType = wrapper.cfbundle; includeInIndex = 0; path = "I Am RichTests.xctest"; sourceTree = BUILT_PRODUCTS_DIR; };
		BAA1152324A8087B00F720E4 /* I_Am_RichTests.swift */ = {isa = PBXFileReference; lastKnownFileType = sourcecode.swift; path = I_Am_RichTests.swift; sourceTree = "<group>"; };
		BAA1152524A8087B00F720E4 /* Info.plist */ = {isa = PBXFileReference; lastKnownFileType = text.plist.xml; path = Info.plist; sourceTree = "<group>"; };
		BAA1152A24A8087B00F720E4 /* I Am RichUITests.xctest */ = {isa = PBXFileReference; explicitFileType = wrapper.cfbundle; includeInIndex = 0; path = "I Am RichUITests.xctest"; sourceTree = BUILT_PRODUCTS_DIR; };
		BAA1152E24A8087B00F720E4 /* I_Am_RichUITests.swift */ = {isa = PBXFileReference; lastKnownFileType = sourcecode.swift; path = I_Am_RichUITests.swift; sourceTree = "<group>"; };
		BAA1153024A8087B00F720E4 /* Info.plist */ = {isa = PBXFileReference; lastKnownFileType = text.plist.xml; path = Info.plist; sourceTree = "<group>"; };
/* End PBXFileReference section */

/* Begin PBXFrameworksBuildPhase section */
		BAA1150624A8087900F720E4 /* Frameworks */ = {
			isa = PBXFrameworksBuildPhase;
			buildActionMask = 2147483647;
			files = (
			);
			runOnlyForDeploymentPostprocessing = 0;
		};
		BAA1151C24A8087B00F720E4 /* Frameworks */ = {
			isa = PBXFrameworksBuildPhase;
			buildActionMask = 2147483647;
			files = (
			);
			runOnlyForDeploymentPostprocessing = 0;
		};
		BAA1152724A8087B00F720E4 /* Frameworks */ = {
			isa = PBXFrameworksBuildPhase;
			buildActionMask = 2147483647;
			files = (
			);
			runOnlyForDeploymentPostprocessing = 0;
		};
/* End PBXFrameworksBuildPhase section */

/* Begin PBXGroup section */
		BAA1150024A8087900F720E4 = {
			isa = PBXGroup;
			children = (
				BAA1150B24A8087900F720E4 /* I Am Rich */,
				BAA1152224A8087B00F720E4 /* I Am RichTests */,
				BAA1152D24A8087B00F720E4 /* I Am RichUITests */,
				BAA1150A24A8087900F720E4 /* Products */,
			);
			sourceTree = "<group>";
		};
		BAA1150A24A8087900F720E4 /* Products */ = {
			isa = PBXGroup;
			children = (
				BAA1150924A8087900F720E4 /* I Am Rich.app */,
				BAA1151F24A8087B00F720E4 /* I Am RichTests.xctest */,
				BAA1152A24A8087B00F720E4 /* I Am RichUITests.xctest */,
			);
			name = Products;
			sourceTree = "<group>";
		};
		BAA1150B24A8087900F720E4 /* I Am Rich */ = {
			isa = PBXGroup;
			children = (
				BAA1150C24A8087900F720E4 /* AppDelegate.swift */,
				BAA1150E24A8087900F720E4 /* SceneDelegate.swift */,
				BAA1151024A8087900F720E4 /* ViewController.swift */,
				BAA1151224A8087900F720E4 /* Main.storyboard */,
				BAA1151524A8087B00F720E4 /* Assets.xcassets */,
				BAA1151724A8087B00F720E4 /* LaunchScreen.storyboard */,
				BAA1151A24A8087B00F720E4 /* Info.plist */,
			);
			path = "I Am Rich";
			sourceTree = "<group>";
		};
		BAA1152224A8087B00F720E4 /* I Am RichTests */ = {
			isa = PBXGroup;
			children = (
				BAA1152324A8087B00F720E4 /* I_Am_RichTests.swift */,
				BAA1152524A8087B00F720E4 /* Info.plist */,
			);
			path = "I Am RichTests";
			sourceTree = "<group>";
		};
		BAA1152D24A8087B00F720E4 /* I Am RichUITests */ = {
			isa = PBXGroup;
			children = (
				BAA1152E24A8087B00F720E4 /* I_Am_RichUITests.swift */,
				BAA1153024A8087B00F720E4 /* Info.plist */,
			);
			path = "I Am RichUITests";
			sourceTree = "<group>";
		};
/* End PBXGroup section */

/* Begin PBXNativeTarget section */
		BAA1150824A8087900F720E4 /* I Am Rich */ = {
			isa = PBXNativeTarget;
			buildConfigurationList = BAA1153324A8087B00F720E4 /* Build configuration list for PBXNativeTarget "I Am Rich" */;
			buildPhases = (
				BAA1150524A8087900F720E4 /* Sources */,
				BAA1150624A8087900F720E4 /* Frameworks */,
				BAA1150724A8087900F720E4 /* Resources */,
			);
			buildRules = (
			);
			dependencies = (
			);
			name = "I Am Rich";
			productName = "I Am Rich";
			productReference = BAA1150924A8087900F720E4 /* I Am Rich.app */;
			productType = "com.apple.product-type.application";
		};
		BAA1151E24A8087B00F720E4 /* I Am RichTests */ = {
			isa = PBXNativeTarget;
			buildConfigurationList = BAA1153624A8087B00F720E4 /* Build configuration list for PBXNativeTarget "I Am RichTests" */;
			buildPhases = (
				BAA1151B24A8087B00F720E4 /* Sources */,
				BAA1151C24A8087B00F720E4 /* Frameworks */,
				BAA1151D24A8087B00F720E4 /* Resources */,
			);
			buildRules = (
			);
			dependencies = (
				BAA1152124A8087B00F720E4 /* PBXTargetDependency */,
			);
			name = "I Am RichTests";
			productName = "I Am RichTests";
			productReference = BAA1151F24A8087B00F720E4 /* I Am RichTests.xctest */;
			productType = "com.apple.product-type.bundle.unit-test";
		};
		BAA1152924A8087B00F720E4 /* I Am RichUITests */ = {
			isa = PBXNativeTarget;
			buildConfigurationList = BAA1153924A8087B00F720E4 /* Build configuration list for PBXNativeTarget "I Am RichUITests" */;
			buildPhases = (
				BAA1152624A8087B00F720E4 /* Sources */,
				BAA1152724A8087B00F720E4 /* Frameworks */,
				BAA1152824A8087B00F720E4 /* Resources */,
			);
			buildRules = (
			);
			dependencies = (
				BAA1152C24A8087B00F720E4 /* PBXTargetDependency */,
			);
			name = "I Am RichUITests";
			productName = "I Am RichUITests";
			productReference = BAA1152A24A8087B00F720E4 /* I Am RichUITests.xctest */;
			productType = "com.apple.product-type.bundle.ui-testing";
		};
/* End PBXNativeTarget section */

/* Begin PBXProject section */
		BAA1150124A8087900F720E4 /* Project object */ = {
			isa = PBXProject;
			attributes = {
				LastSwiftUpdateCheck = 1140;
				LastUpgradeCheck = 1140;
				ORGANIZATIONNAME = henry;
				TargetAttributes = {
					BAA1150824A8087900F720E4 = {
						CreatedOnToolsVersion = 11.4.1;
					};
					BAA1151E24A8087B00F720E4 = {
						CreatedOnToolsVersion = 11.4.1;
						TestTargetID = BAA1150824A8087900F720E4;
					};
					BAA1152924A8087B00F720E4 = {
						CreatedOnToolsVersion = 11.4.1;
						TestTargetID = BAA1150824A8087900F720E4;
					};
				};
			};
			buildConfigurationList = BAA1150424A8087900F720E4 /* Build configuration list for PBXProject "I Am Rich" */;
			compatibilityVersion = "Xcode 9.3";
			developmentRegion = en;
			hasScannedForEncodings = 0;
			knownRegions = (
				en,
				Base,
			);
			mainGroup = BAA1150024A8087900F720E4;
			productRefGroup = BAA1150A24A8087900F720E4 /* Products */;
			projectDirPath = "";
			projectRoot = "";
			targets = (
				BAA1150824A8087900F720E4 /* I Am Rich */,
				BAA1151E24A8087B00F720E4 /* I Am RichTests */,
				BAA1152924A8087B00F720E4 /* I Am RichUITests */,
			);
		};
/* End PBXProject section */

/* Begin PBXResourcesBuildPhase section */
		BAA1150724A8087900F720E4 /* Resources */ = {
			isa = PBXResourcesBuildPhase;
			buildActionMask = 2147483647;
			files = (
				BAA1151924A8087B00F720E4 /* LaunchScreen.storyboard in Resources */,
				BAA1151624A8087B00F720E4 /* Assets.xcassets in Resources */,
				BAA1151424A8087900F720E4 /* Main.storyboard in Resources */,
			);
			runOnlyForDeploymentPostprocessing = 0;
		};
		BAA1151D24A8087B00F720E4 /* Resources */ = {
			isa = PBXResourcesBuildPhase;
			buildActionMask = 2147483647;
			files = (
			);
			runOnlyForDeploymentPostprocessing = 0;
		};
		BAA1152824A8087B00F720E4 /* Resources */ = {
			isa = PBXResourcesBuildPhase;
			buildActionMask = 2147483647;
			files = (
			);
			runOnlyForDeploymentPostprocessing = 0;
		};
/* End PBXResourcesBuildPhase section */

/* Begin PBXSourcesBuildPhase section */
		BAA1150524A8087900F720E4 /* Sources */ = {
			isa = PBXSourcesBuildPhase;
			buildActionMask = 2147483647;
			files = (
				BAA1151124A8087900F720E4 /* ViewController.swift in Sources */,
				BAA1150D24A8087900F720E4 /* AppDelegate.swift in Sources */,
				BAA1150F24A8087900F720E4 /* SceneDelegate.swift in Sources */,
			);
			runOnlyForDeploymentPostprocessing = 0;
		};
		BAA1151B24A8087B00F720E4 /* Sources */ = {
			isa = PBXSourcesBuildPhase;
			buildActionMask = 2147483647;
			files = (
				BAA1152424A8087B00F720E4 /* I_Am_RichTests.swift in Sources */,
			);
			runOnlyForDeploymentPostprocessing = 0;
		};
		BAA1152624A8087B00F720E4 /* Sources */ = {
			isa = PBXSourcesBuildPhase;
			buildActionMask = 2147483647;
			files = (
				BAA1152F24A8087B00F720E4 /* I_Am_RichUITests.swift in Sources */,
			);
			runOnlyForDeploymentPostprocessing = 0;
		};
/* End PBXSourcesBuildPhase section */

/* Begin PBXTargetDependency section */
		BAA1152124A8087B00F720E4 /* PBXTargetDependency */ = {
			isa = PBXTargetDependency;
			target = BAA1150824A8087900F720E4 /* I Am Rich */;
			targetProxy = BAA1152024A8087B00F720E4 /* PBXContainerItemProxy */;
		};
		BAA1152C24A8087B00F720E4 /* PBXTargetDependency */ = {
			isa = PBXTargetDependency;
			target = BAA1150824A8087900F720E4 /* I Am Rich */;
			targetProxy = BAA1152B24A8087B00F720E4 /* PBXContainerItemProxy */;
		};
/* End PBXTargetDependency section */

/* Begin PBXVariantGroup section */
		BAA1151224A8087900F720E4 /* Main.storyboard */ = {
			isa = PBXVariantGroup;
			children = (
				BAA1151324A8087900F720E4 /* Base */,
			);
			name = Main.storyboard;
			sourceTree = "<group>";
		};
		BAA1151724A8087B00F720E4 /* LaunchScreen.storyboard */ = {
			isa = PBXVariantGroup;
			children = (
				BAA1151824A8087B00F720E4 /* Base */,
			);
			name = LaunchScreen.storyboard;
			sourceTree = "<group>";
		};
/* End PBXVariantGroup section */

/* Begin XCBuildConfiguration section */
		BAA1153124A8087B00F720E4 /* Debug */ = {
			isa = XCBuildConfiguration;
			buildSettings = {
				ALWAYS_SEARCH_USER_PATHS = NO;
				CLANG_ANALYZER_NONNULL = YES;
				CLANG_ANALYZER_NUMBER_OBJECT_CONVERSION = YES_AGGRESSIVE;
				CLANG_CXX_LANGUAGE_STANDARD = "gnu++14";
				CLANG_CXX_LIBRARY = "libc++";
				CLANG_ENABLE_MODULES = YES;
				CLANG_ENABLE_OBJC_ARC = YES;
				CLANG_ENABLE_OBJC_WEAK = YES;
				CLANG_WARN_BLOCK_CAPTURE_AUTORELEASING = YES;
				CLANG_WARN_BOOL_CONVERSION = YES;
				CLANG_WARN_COMMA = YES;
				CLANG_WARN_CONSTANT_CONVERSION = YES;
				CLANG_WARN_DEPRECATED_OBJC_IMPLEMENTATIONS = YES;
				CLANG_WARN_DIRECT_OBJC_ISA_USAGE = YES_ERROR;
				CLANG_WARN_DOCUMENTATION_COMMENTS = YES;
				CLANG_WARN_EMPTY_BODY = YES;
				CLANG_WARN_ENUM_CONVERSION = YES;
				CLANG_WARN_INFINITE_RECURSION = YES;
				CLANG_WARN_INT_CONVERSION = YES;
				CLANG_WARN_NON_LITERAL_NULL_CONVERSION = YES;
				CLANG_WARN_OBJC_IMPLICIT_RETAIN_SELF = YES;
				CLANG_WARN_OBJC_LITERAL_CONVERSION = YES;
				CLANG_WARN_OBJC_ROOT_CLASS = YES_ERROR;
				CLANG_WARN_RANGE_LOOP_ANALYSIS = YES;
				CLANG_WARN_STRICT_PROTOTYPES = YES;
				CLANG_WARN_SUSPICIOUS_MOVE = YES;
				CLANG_WARN_UNGUARDED_AVAILABILITY = YES_AGGRESSIVE;
				CLANG_WARN_UNREACHABLE_CODE = YES;
				CLANG_WARN__DUPLICATE_METHOD_MATCH = YES;
				COPY_PHASE_STRIP = NO;
				DEBUG_INFORMATION_FORMAT = dwarf;
				ENABLE_STRICT_OBJC_MSGSEND = YES;
				ENABLE_TESTABILITY = YES;
				GCC_C_LANGUAGE_STANDARD = gnu11;
				GCC_DYNAMIC_NO_PIC = NO;
				GCC_NO_COMMON_BLOCKS = YES;
				GCC_OPTIMIZATION_LEVEL = 0;
				GCC_PREPROCESSOR_DEFINITIONS = (
					"DEBUG=1",
					"$(inherited)",
				);
				GCC_WARN_64_TO_32_BIT_CONVERSION = YES;
				GCC_WARN_ABOUT_RETURN_TYPE = YES_ERROR;
				GCC_WARN_UNDECLARED_SELECTOR = YES;
				GCC_WARN_UNINITIALIZED_AUTOS = YES_AGGRESSIVE;
				GCC_WARN_UNUSED_FUNCTION = YES;
				GCC_WARN_UNUSED_VARIABLE = YES;
				IPHONEOS_DEPLOYMENT_TARGET = 13.4;
				MTL_ENABLE_DEBUG_INFO = INCLUDE_SOURCE;
				MTL_FAST_MATH = YES;
				ONLY_ACTIVE_ARCH = YES;
				SDKROOT = iphoneos;
				SWIFT_ACTIVE_COMPILATION_CONDITIONS = DEBUG;
				SWIFT_OPTIMIZATION_LEVEL = "-Onone";
			};
			name = Debug;
		};
		BAA1153224A8087B00F720E4 /* Release */ = {
			isa = XCBuildConfiguration;
			buildSettings = {
				ALWAYS_SEARCH_USER_PATHS = NO;
				CLANG_ANALYZER_NONNULL = YES;
				CLANG_ANALYZER_NUMBER_OBJECT_CONVERSION = YES_AGGRESSIVE;
				CLANG_CXX_LANGUAGE_STANDARD = "gnu++14";
				CLANG_CXX_LIBRARY = "libc++";
				CLANG_ENABLE_MODULES = YES;
				CLANG_ENABLE_OBJC_ARC = YES;
				CLANG_ENABLE_OBJC_WEAK = YES;
				CLANG_WARN_BLOCK_CAPTURE_AUTORELEASING = YES;
				CLANG_WARN_BOOL_CONVERSION = YES;
				CLANG_WARN_COMMA = YES;
				CLANG_WARN_CONSTANT_CONVERSION = YES;
				CLANG_WARN_DEPRECATED_OBJC_IMPLEMENTATIONS = YES;
				CLANG_WARN_DIRECT_OBJC_ISA_USAGE = YES_ERROR;
				CLANG_WARN_DOCUMENTATION_COMMENTS = YES;
				CLANG_WARN_EMPTY_BODY = YES;
				CLANG_WARN_ENUM_CONVERSION = YES;
				CLANG_WARN_INFINITE_RECURSION = YES;
				CLANG_WARN_INT_CONVERSION = YES;
				CLANG_WARN_NON_LITERAL_NULL_CONVERSION = YES;
				CLANG_WARN_OBJC_IMPLICIT_RETAIN_SELF = YES;
				CLANG_WARN_OBJC_LITERAL_CONVERSION = YES;
				CLANG_WARN_OBJC_ROOT_CLASS = YES_ERROR;
				CLANG_WARN_RANGE_LOOP_ANALYSIS = YES;
				CLANG_WARN_STRICT_PROTOTYPES = YES;
				CLANG_WARN_SUSPICIOUS_MOVE = YES;
				CLANG_WARN_UNGUARDED_AVAILABILITY = YES_AGGRESSIVE;
				CLANG_WARN_UNREACHABLE_CODE = YES;
				CLANG_WARN__DUPLICATE_METHOD_MATCH = YES;
				COPY_PHASE_STRIP = NO;
				DEBUG_INFORMATION_FORMAT = "dwarf-with-dsym";
				ENABLE_NS_ASSERTIONS = NO;
				ENABLE_STRICT_OBJC_MSGSEND = YES;
				GCC_C_LANGUAGE_STANDARD = gnu11;
				GCC_NO_COMMON_BLOCKS = YES;
				GCC_WARN_64_TO_32_BIT_CONVERSION = YES;
				GCC_WARN_ABOUT_RETURN_TYPE = YES_ERROR;
				GCC_WARN_UNDECLARED_SELECTOR = YES;
				GCC_WARN_UNINITIALIZED_AUTOS = YES_AGGRESSIVE;
				GCC_WARN_UNUSED_FUNCTION = YES;
				GCC_WARN_UNUSED_VARIABLE = YES;
				IPHONEOS_DEPLOYMENT_TARGET = 13.4;
				MTL_ENABLE_DEBUG_INFO = NO;
				MTL_FAST_MATH = YES;
				SDKROOT = iphoneos;
				SWIFT_COMPILATION_MODE = wholemodule;
				SWIFT_OPTIMIZATION_LEVEL = "-O";
				VALIDATE_PRODUCT = YES;
			};
			name = Release;
		};
		BAA1153424A8087B00F720E4 /* Debug */ = {
			isa = XCBuildConfiguration;
			buildSettings = {
				ASSETCATALOG_COMPILER_APPICON_NAME = AppIcon;
				CODE_SIGN_STYLE = Automatic;
				INFOPLIST_FILE = "I Am Rich/Info.plist";
				LD_RUNPATH_SEARCH_PATHS = (
					"$(inherited)",
					"@executable_path/Frameworks",
				);
				PRODUCT_BUNDLE_IDENTIFIER = "com.henrymmmm.I-Am-Rich";
				PRODUCT_NAME = "$(TARGET_NAME)";
				SWIFT_VERSION = 5.0;
				TARGETED_DEVICE_FAMILY = "1,2";
			};
			name = Debug;
		};
		BAA1153524A8087B00F720E4 /* Release */ = {
			isa = XCBuildConfiguration;
			buildSettings = {
				ASSETCATALOG_COMPILER_APPICON_NAME = AppIcon;
				CODE_SIGN_STYLE = Automatic;
				INFOPLIST_FILE = "I Am Rich/Info.plist";
				LD_RUNPATH_SEARCH_PATHS = (
					"$(inherited)",
					"@executable_path/Frameworks",
				);
				PRODUCT_BUNDLE_IDENTIFIER = "com.henrymmmm.I-Am-Rich";
				PRODUCT_NAME = "$(TARGET_NAME)";
				SWIFT_VERSION = 5.0;
				TARGETED_DEVICE_FAMILY = "1,2";
			};
			name = Release;
		};
		BAA1153724A8087B00F720E4 /* Debug */ = {
			isa = XCBuildConfiguration;
			buildSettings = {
				ALWAYS_EMBED_SWIFT_STANDARD_LIBRARIES = YES;
				BUNDLE_LOADER = "$(TEST_HOST)";
				CODE_SIGN_STYLE = Automatic;
				INFOPLIST_FILE = "I Am RichTests/Info.plist";
				IPHONEOS_DEPLOYMENT_TARGET = 13.4;
				LD_RUNPATH_SEARCH_PATHS = (
					"$(inherited)",
					"@executable_path/Frameworks",
					"@loader_path/Frameworks",
				);
				PRODUCT_BUNDLE_IDENTIFIER = "com.henrymmmm.I-Am-RichTests";
				PRODUCT_NAME = "$(TARGET_NAME)";
				SWIFT_VERSION = 5.0;
				TARGETED_DEVICE_FAMILY = "1,2";
				TEST_HOST = "$(BUILT_PRODUCTS_DIR)/I Am Rich.app/I Am Rich";
			};
			name = Debug;
		};
		BAA1153824A8087B00F720E4 /* Release */ = {
			isa = XCBuildConfiguration;
			buildSettings = {
				ALWAYS_EMBED_SWIFT_STANDARD_LIBRARIES = YES;
				BUNDLE_LOADER = "$(TEST_HOST)";
				CODE_SIGN_STYLE = Automatic;
				INFOPLIST_FILE = "I Am RichTests/Info.plist";
				IPHONEOS_DEPLOYMENT_TARGET = 13.4;
				LD_RUNPATH_SEARCH_PATHS = (
					"$(inherited)",
					"@executable_path/Frameworks",
					"@loader_path/Frameworks",
				);
				PRODUCT_BUNDLE_IDENTIFIER = "com.henrymmmm.I-Am-RichTests";
				PRODUCT_NAME = "$(TARGET_NAME)";
				SWIFT_VERSION = 5.0;
				TARGETED_DEVICE_FAMILY = "1,2";
				TEST_HOST = "$(BUILT_PRODUCTS_DIR)/I Am Rich.app/I Am Rich";
			};
			name = Release;
		};
		BAA1153A24A8087B00F720E4 /* Debug */ = {
			isa = XCBuildConfiguration;
			buildSettings = {
				ALWAYS_EMBED_SWIFT_STANDARD_LIBRARIES = YES;
				CODE_SIGN_STYLE = Automatic;
				INFOPLIST_FILE = "I Am RichUITests/Info.plist";
				LD_RUNPATH_SEARCH_PATHS = (
					"$(inherited)",
					"@executable_path/Frameworks",
					"@loader_path/Frameworks",
				);
				PRODUCT_BUNDLE_IDENTIFIER = "com.henrymmmm.I-Am-RichUITests";
				PRODUCT_NAME = "$(TARGET_NAME)";
				SWIFT_VERSION = 5.0;
				TARGETED_DEVICE_FAMILY = "1,2";
				TEST_TARGET_NAME = "I Am Rich";
			};
			name = Debug;
		};
		BAA1153B24A8087B00F720E4 /* Release */ = {
			isa = XCBuildConfiguration;
			buildSettings = {
				ALWAYS_EMBED_SWIFT_STANDARD_LIBRARIES = YES;
				CODE_SIGN_STYLE = Automatic;
				INFOPLIST_FILE = "I Am RichUITests/Info.plist";
				LD_RUNPATH_SEARCH_PATHS = (
					"$(inherited)",
					"@executable_path/Frameworks",
					"@loader_path/Frameworks",
				);
				PRODUCT_BUNDLE_IDENTIFIER = "com.henrymmmm.I-Am-RichUITests";
				PRODUCT_NAME = "$(TARGET_NAME)";
				SWIFT_VERSION = 5.0;
				TARGETED_DEVICE_FAMILY = "1,2";
				TEST_TARGET_NAME = "I Am Rich";
			};
			name = Release;
		};
/* End XCBuildConfiguration section */

/* Begin XCConfigurationList section */
		BAA1150424A8087900F720E4 /* Build configuration list for PBXProject "I Am Rich" */ = {
			isa = XCConfigurationList;
			buildConfigurations = (
				BAA1153124A8087B00F720E4 /* Debug */,
				BAA1153224A8087B00F720E4 /* Release */,
			);
			defaultConfigurationIsVisible = 0;
			defaultConfigurationName = Release;
		};
		BAA1153324A8087B00F720E4 /* Build configuration list for PBXNativeTarget "I Am Rich" */ = {
			isa = XCConfigurationList;
			buildConfigurations = (
				BAA1153424A8087B00F720E4 /* Debug */,
				BAA1153524A8087B00F720E4 /* Release */,
			);
			defaultConfigurationIsVisible = 0;
			defaultConfigurationName = Release;
		};
		BAA1153624A8087B00F720E4 /* Build configuration list for PBXNativeTarget "I Am RichTests" */ = {
			isa = XCConfigurationList;
			buildConfigurations = (
				BAA1153724A8087B00F720E4 /* Debug */,
				BAA1153824A8087B00F720E4 /* Release */,
			);
			defaultConfigurationIsVisible = 0;
			defaultConfigurationName = Release;
		};
		BAA1153924A8087B00F720E4 /* Build configuration list for PBXNativeTarget "I Am RichUITests" */ = {
			isa = XCConfigurationList;
			buildConfigurations = (
				BAA1153A24A8087B00F720E4 /* Debug */,
				BAA1153B24A8087B00F720E4 /* Release */,
			);
			defaultConfigurationIsVisible = 0;
			defaultConfigurationName = Release;
		};
/* End XCConfigurationList section */
	};
	rootObject = BAA1150124A8087900F720E4 /* Project object */;
}
