// !$*UTF8*$!
{
	archiveVersion = 1;
	classes = {
	};
	objectVersion = 50;
	objects = {

/* Begin PBXBuildFile section */
		BA64D94824C9ABF500273CDC /* AppDelegate.swift in Sources */ = {isa = PBXBuildFile; fileRef = BA64D94724C9ABF500273CDC /* AppDelegate.swift */; };
		BA64D94A24C9ABF500273CDC /* SceneDelegate.swift in Sources */ = {isa = PBXBuildFile; fileRef = BA64D94924C9ABF500273CDC /* SceneDelegate.swift */; };
		BA64D94C24C9ABF500273CDC /* ViewController.swift in Sources */ = {isa = PBXBuildFile; fileRef = BA64D94B24C9ABF500273CDC /* ViewController.swift */; };
		BA64D94F24C9ABF500273CDC /* Main.storyboard in Resources */ = {isa = PBXBuildFile; fileRef = BA64D94D24C9ABF500273CDC /* Main.storyboard */; };
		BA64D95124C9ABF600273CDC /* Assets.xcassets in Resources */ = {isa = PBXBuildFile; fileRef = BA64D95024C9ABF600273CDC /* Assets.xcassets */; };
		BA64D95424C9ABF600273CDC /* LaunchScreen.storyboard in Resources */ = {isa = PBXBuildFile; fileRef = BA64D95224C9ABF600273CDC /* LaunchScreen.storyboard */; };
		BA64D95F24C9ABF600273CDC /* AutoLayoutTests.swift in Sources */ = {isa = PBXBuildFile; fileRef = BA64D95E24C9ABF600273CDC /* AutoLayoutTests.swift */; };
		BA64D96A24C9ABF600273CDC /* AutoLayoutUITests.swift in Sources */ = {isa = PBXBuildFile; fileRef = BA64D96924C9ABF600273CDC /* AutoLayoutUITests.swift */; };
/* End PBXBuildFile section */

/* Begin PBXContainerItemProxy section */
		BA64D95B24C9ABF600273CDC /* PBXContainerItemProxy */ = {
			isa = PBXContainerItemProxy;
			containerPortal = BA64D93C24C9ABF500273CDC /* Project object */;
			proxyType = 1;
			remoteGlobalIDString = BA64D94324C9ABF500273CDC;
			remoteInfo = AutoLayout;
		};
		BA64D96624C9ABF600273CDC /* PBXContainerItemProxy */ = {
			isa = PBXContainerItemProxy;
			containerPortal = BA64D93C24C9ABF500273CDC /* Project object */;
			proxyType = 1;
			remoteGlobalIDString = BA64D94324C9ABF500273CDC;
			remoteInfo = AutoLayout;
		};
/* End PBXContainerItemProxy section */

/* Begin PBXFileReference section */
		BA64D94424C9ABF500273CDC /* AutoLayout.app */ = {isa = PBXFileReference; explicitFileType = wrapper.application; includeInIndex = 0; path = AutoLayout.app; sourceTree = BUILT_PRODUCTS_DIR; };
		BA64D94724C9ABF500273CDC /* AppDelegate.swift */ = {isa = PBXFileReference; lastKnownFileType = sourcecode.swift; path = AppDelegate.swift; sourceTree = "<group>"; };
		BA64D94924C9ABF500273CDC /* SceneDelegate.swift */ = {isa = PBXFileReference; lastKnownFileType = sourcecode.swift; path = SceneDelegate.swift; sourceTree = "<group>"; };
		BA64D94B24C9ABF500273CDC /* ViewController.swift */ = {isa = PBXFileReference; lastKnownFileType = sourcecode.swift; path = ViewController.swift; sourceTree = "<group>"; };
		BA64D94E24C9ABF500273CDC /* Base */ = {isa = PBXFileReference; lastKnownFileType = file.storyboard; name = Base; path = Base.lproj/Main.storyboard; sourceTree = "<group>"; };
		BA64D95024C9ABF600273CDC /* Assets.xcassets */ = {isa = PBXFileReference; lastKnownFileType = folder.assetcatalog; path = Assets.xcassets; sourceTree = "<group>"; };
		BA64D95324C9ABF600273CDC /* Base */ = {isa = PBXFileReference; lastKnownFileType = file.storyboard; name = Base; path = Base.lproj/LaunchScreen.storyboard; sourceTree = "<group>"; };
		BA64D95524C9ABF600273CDC /* Info.plist */ = {isa = PBXFileReference; lastKnownFileType = text.plist.xml; path = Info.plist; sourceTree = "<group>"; };
		BA64D95A24C9ABF600273CDC /* AutoLayoutTests.xctest */ = {isa = PBXFileReference; explicitFileType = wrapper.cfbundle; includeInIndex = 0; path = AutoLayoutTests.xctest; sourceTree = BUILT_PRODUCTS_DIR; };
		BA64D95E24C9ABF600273CDC /* AutoLayoutTests.swift */ = {isa = PBXFileReference; lastKnownFileType = sourcecode.swift; path = AutoLayoutTests.swift; sourceTree = "<group>"; };
		BA64D96024C9ABF600273CDC /* Info.plist */ = {isa = PBXFileReference; lastKnownFileType = text.plist.xml; path = Info.plist; sourceTree = "<group>"; };
		BA64D96524C9ABF600273CDC /* AutoLayoutUITests.xctest */ = {isa = PBXFileReference; explicitFileType = wrapper.cfbundle; includeInIndex = 0; path = AutoLayoutUITests.xctest; sourceTree = BUILT_PRODUCTS_DIR; };
		BA64D96924C9ABF600273CDC /* AutoLayoutUITests.swift */ = {isa = PBXFileReference; lastKnownFileType = sourcecode.swift; path = AutoLayoutUITests.swift; sourceTree = "<group>"; };
		BA64D96B24C9ABF600273CDC /* Info.plist */ = {isa = PBXFileReference; lastKnownFileType = text.plist.xml; path = Info.plist; sourceTree = "<group>"; };
/* End PBXFileReference section */

/* Begin PBXFrameworksBuildPhase section */
		BA64D94124C9ABF500273CDC /* Frameworks */ = {
			isa = PBXFrameworksBuildPhase;
			buildActionMask = 2147483647;
			files = (
			);
			runOnlyForDeploymentPostprocessing = 0;
		};
		BA64D95724C9ABF600273CDC /* Frameworks */ = {
			isa = PBXFrameworksBuildPhase;
			buildActionMask = 2147483647;
			files = (
			);
			runOnlyForDeploymentPostprocessing = 0;
		};
		BA64D96224C9ABF600273CDC /* Frameworks */ = {
			isa = PBXFrameworksBuildPhase;
			buildActionMask = 2147483647;
			files = (
			);
			runOnlyForDeploymentPostprocessing = 0;
		};
/* End PBXFrameworksBuildPhase section */

/* Begin PBXGroup section */
		BA64D93B24C9ABF500273CDC = {
			isa = PBXGroup;
			children = (
				BA64D94624C9ABF500273CDC /* AutoLayout */,
				BA64D95D24C9ABF600273CDC /* AutoLayoutTests */,
				BA64D96824C9ABF600273CDC /* AutoLayoutUITests */,
				BA64D94524C9ABF500273CDC /* Products */,
			);
			sourceTree = "<group>";
		};
		BA64D94524C9ABF500273CDC /* Products */ = {
			isa = PBXGroup;
			children = (
				BA64D94424C9ABF500273CDC /* AutoLayout.app */,
				BA64D95A24C9ABF600273CDC /* AutoLayoutTests.xctest */,
				BA64D96524C9ABF600273CDC /* AutoLayoutUITests.xctest */,
			);
			name = Products;
			sourceTree = "<group>";
		};
		BA64D94624C9ABF500273CDC /* AutoLayout */ = {
			isa = PBXGroup;
			children = (
				BA64D94724C9ABF500273CDC /* AppDelegate.swift */,
				BA64D94924C9ABF500273CDC /* SceneDelegate.swift */,
				BA64D94B24C9ABF500273CDC /* ViewController.swift */,
				BA64D94D24C9ABF500273CDC /* Main.storyboard */,
				BA64D95024C9ABF600273CDC /* Assets.xcassets */,
				BA64D95224C9ABF600273CDC /* LaunchScreen.storyboard */,
				BA64D95524C9ABF600273CDC /* Info.plist */,
			);
			path = AutoLayout;
			sourceTree = "<group>";
		};
		BA64D95D24C9ABF600273CDC /* AutoLayoutTests */ = {
			isa = PBXGroup;
			children = (
				BA64D95E24C9ABF600273CDC /* AutoLayoutTests.swift */,
				BA64D96024C9ABF600273CDC /* Info.plist */,
			);
			path = AutoLayoutTests;
			sourceTree = "<group>";
		};
		BA64D96824C9ABF600273CDC /* AutoLayoutUITests */ = {
			isa = PBXGroup;
			children = (
				BA64D96924C9ABF600273CDC /* AutoLayoutUITests.swift */,
				BA64D96B24C9ABF600273CDC /* Info.plist */,
			);
			path = AutoLayoutUITests;
			sourceTree = "<group>";
		};
/* End PBXGroup section */

/* Begin PBXNativeTarget section */
		BA64D94324C9ABF500273CDC /* AutoLayout */ = {
			isa = PBXNativeTarget;
			buildConfigurationList = BA64D96E24C9ABF600273CDC /* Build configuration list for PBXNativeTarget "AutoLayout" */;
			buildPhases = (
				BA64D94024C9ABF500273CDC /* Sources */,
				BA64D94124C9ABF500273CDC /* Frameworks */,
				BA64D94224C9ABF500273CDC /* Resources */,
			);
			buildRules = (
			);
			dependencies = (
			);
			name = AutoLayout;
			productName = AutoLayout;
			productReference = BA64D94424C9ABF500273CDC /* AutoLayout.app */;
			productType = "com.apple.product-type.application";
		};
		BA64D95924C9ABF600273CDC /* AutoLayoutTests */ = {
			isa = PBXNativeTarget;
			buildConfigurationList = BA64D97124C9ABF600273CDC /* Build configuration list for PBXNativeTarget "AutoLayoutTests" */;
			buildPhases = (
				BA64D95624C9ABF600273CDC /* Sources */,
				BA64D95724C9ABF600273CDC /* Frameworks */,
				BA64D95824C9ABF600273CDC /* Resources */,
			);
			buildRules = (
			);
			dependencies = (
				BA64D95C24C9ABF600273CDC /* PBXTargetDependency */,
			);
			name = AutoLayoutTests;
			productName = AutoLayoutTests;
			productReference = BA64D95A24C9ABF600273CDC /* AutoLayoutTests.xctest */;
			productType = "com.apple.product-type.bundle.unit-test";
		};
		BA64D96424C9ABF600273CDC /* AutoLayoutUITests */ = {
			isa = PBXNativeTarget;
			buildConfigurationList = BA64D97424C9ABF600273CDC /* Build configuration list for PBXNativeTarget "AutoLayoutUITests" */;
			buildPhases = (
				BA64D96124C9ABF600273CDC /* Sources */,
				BA64D96224C9ABF600273CDC /* Frameworks */,
				BA64D96324C9ABF600273CDC /* Resources */,
			);
			buildRules = (
			);
			dependencies = (
				BA64D96724C9ABF600273CDC /* PBXTargetDependency */,
			);
			name = AutoLayoutUITests;
			productName = AutoLayoutUITests;
			productReference = BA64D96524C9ABF600273CDC /* AutoLayoutUITests.xctest */;
			productType = "com.apple.product-type.bundle.ui-testing";
		};
/* End PBXNativeTarget section */

/* Begin PBXProject section */
		BA64D93C24C9ABF500273CDC /* Project object */ = {
			isa = PBXProject;
			attributes = {
				LastSwiftUpdateCheck = 1160;
				LastUpgradeCheck = 1160;
				ORGANIZATIONNAME = henry;
				TargetAttributes = {
					BA64D94324C9ABF500273CDC = {
						CreatedOnToolsVersion = 11.6;
					};
					BA64D95924C9ABF600273CDC = {
						CreatedOnToolsVersion = 11.6;
						TestTargetID = BA64D94324C9ABF500273CDC;
					};
					BA64D96424C9ABF600273CDC = {
						CreatedOnToolsVersion = 11.6;
						TestTargetID = BA64D94324C9ABF500273CDC;
					};
				};
			};
			buildConfigurationList = BA64D93F24C9ABF500273CDC /* Build configuration list for PBXProject "AutoLayout" */;
			compatibilityVersion = "Xcode 9.3";
			developmentRegion = en;
			hasScannedForEncodings = 0;
			knownRegions = (
				en,
				Base,
			);
			mainGroup = BA64D93B24C9ABF500273CDC;
			productRefGroup = BA64D94524C9ABF500273CDC /* Products */;
			projectDirPath = "";
			projectRoot = "";
			targets = (
				BA64D94324C9ABF500273CDC /* AutoLayout */,
				BA64D95924C9ABF600273CDC /* AutoLayoutTests */,
				BA64D96424C9ABF600273CDC /* AutoLayoutUITests */,
			);
		};
/* End PBXProject section */

/* Begin PBXResourcesBuildPhase section */
		BA64D94224C9ABF500273CDC /* Resources */ = {
			isa = PBXResourcesBuildPhase;
			buildActionMask = 2147483647;
			files = (
				BA64D95424C9ABF600273CDC /* LaunchScreen.storyboard in Resources */,
				BA64D95124C9ABF600273CDC /* Assets.xcassets in Resources */,
				BA64D94F24C9ABF500273CDC /* Main.storyboard in Resources */,
			);
			runOnlyForDeploymentPostprocessing = 0;
		};
		BA64D95824C9ABF600273CDC /* Resources */ = {
			isa = PBXResourcesBuildPhase;
			buildActionMask = 2147483647;
			files = (
			);
			runOnlyForDeploymentPostprocessing = 0;
		};
		BA64D96324C9ABF600273CDC /* Resources */ = {
			isa = PBXResourcesBuildPhase;
			buildActionMask = 2147483647;
			files = (
			);
			runOnlyForDeploymentPostprocessing = 0;
		};
/* End PBXResourcesBuildPhase section */

/* Begin PBXSourcesBuildPhase section */
		BA64D94024C9ABF500273CDC /* Sources */ = {
			isa = PBXSourcesBuildPhase;
			buildActionMask = 2147483647;
			files = (
				BA64D94C24C9ABF500273CDC /* ViewController.swift in Sources */,
				BA64D94824C9ABF500273CDC /* AppDelegate.swift in Sources */,
				BA64D94A24C9ABF500273CDC /* SceneDelegate.swift in Sources */,
			);
			runOnlyForDeploymentPostprocessing = 0;
		};
		BA64D95624C9ABF600273CDC /* Sources */ = {
			isa = PBXSourcesBuildPhase;
			buildActionMask = 2147483647;
			files = (
				BA64D95F24C9ABF600273CDC /* AutoLayoutTests.swift in Sources */,
			);
			runOnlyForDeploymentPostprocessing = 0;
		};
		BA64D96124C9ABF600273CDC /* Sources */ = {
			isa = PBXSourcesBuildPhase;
			buildActionMask = 2147483647;
			files = (
				BA64D96A24C9ABF600273CDC /* AutoLayoutUITests.swift in Sources */,
			);
			runOnlyForDeploymentPostprocessing = 0;
		};
/* End PBXSourcesBuildPhase section */

/* Begin PBXTargetDependency section */
		BA64D95C24C9ABF600273CDC /* PBXTargetDependency */ = {
			isa = PBXTargetDependency;
			target = BA64D94324C9ABF500273CDC /* AutoLayout */;
			targetProxy = BA64D95B24C9ABF600273CDC /* PBXContainerItemProxy */;
		};
		BA64D96724C9ABF600273CDC /* PBXTargetDependency */ = {
			isa = PBXTargetDependency;
			target = BA64D94324C9ABF500273CDC /* AutoLayout */;
			targetProxy = BA64D96624C9ABF600273CDC /* PBXContainerItemProxy */;
		};
/* End PBXTargetDependency section */

/* Begin PBXVariantGroup section */
		BA64D94D24C9ABF500273CDC /* Main.storyboard */ = {
			isa = PBXVariantGroup;
			children = (
				BA64D94E24C9ABF500273CDC /* Base */,
			);
			name = Main.storyboard;
			sourceTree = "<group>";
		};
		BA64D95224C9ABF600273CDC /* LaunchScreen.storyboard */ = {
			isa = PBXVariantGroup;
			children = (
				BA64D95324C9ABF600273CDC /* Base */,
			);
			name = LaunchScreen.storyboard;
			sourceTree = "<group>";
		};
/* End PBXVariantGroup section */

/* Begin XCBuildConfiguration section */
		BA64D96C24C9ABF600273CDC /* Debug */ = {
			isa = XCBuildConfiguration;
			buildSettings = {
				ALWAYS_SEARCH_USER_PATHS = NO;
				CLANG_ANALYZER_NONNULL = YES;
				CLANG_ANALYZER_NUMBER_OBJECT_CONVERSION = YES_AGGRESSIVE;
				CLANG_CXX_LANGUAGE_STANDARD = "gnu++14";
				CLANG_CXX_LIBRARY = "libc++";
				CLANG_ENABLE_MODULES = YES;
				CLANG_ENABLE_OBJC_ARC = YES;
				CLANG_ENABLE_OBJC_WEAK = YES;
				CLANG_WARN_BLOCK_CAPTURE_AUTORELEASING = YES;
				CLANG_WARN_BOOL_CONVERSION = YES;
				CLANG_WARN_COMMA = YES;
				CLANG_WARN_CONSTANT_CONVERSION = YES;
				CLANG_WARN_DEPRECATED_OBJC_IMPLEMENTATIONS = YES;
				CLANG_WARN_DIRECT_OBJC_ISA_USAGE = YES_ERROR;
				CLANG_WARN_DOCUMENTATION_COMMENTS = YES;
				CLANG_WARN_EMPTY_BODY = YES;
				CLANG_WARN_ENUM_CONVERSION = YES;
				CLANG_WARN_INFINITE_RECURSION = YES;
				CLANG_WARN_INT_CONVERSION = YES;
				CLANG_WARN_NON_LITERAL_NULL_CONVERSION = YES;
				CLANG_WARN_OBJC_IMPLICIT_RETAIN_SELF = YES;
				CLANG_WARN_OBJC_LITERAL_CONVERSION = YES;
				CLANG_WARN_OBJC_ROOT_CLASS = YES_ERROR;
				CLANG_WARN_RANGE_LOOP_ANALYSIS = YES;
				CLANG_WARN_STRICT_PROTOTYPES = YES;
				CLANG_WARN_SUSPICIOUS_MOVE = YES;
				CLANG_WARN_UNGUARDED_AVAILABILITY = YES_AGGRESSIVE;
				CLANG_WARN_UNREACHABLE_CODE = YES;
				CLANG_WARN__DUPLICATE_METHOD_MATCH = YES;
				COPY_PHASE_STRIP = NO;
				DEBUG_INFORMATION_FORMAT = dwarf;
				ENABLE_STRICT_OBJC_MSGSEND = YES;
				ENABLE_TESTABILITY = YES;
				GCC_C_LANGUAGE_STANDARD = gnu11;
				GCC_DYNAMIC_NO_PIC = NO;
				GCC_NO_COMMON_BLOCKS = YES;
				GCC_OPTIMIZATION_LEVEL = 0;
				GCC_PREPROCESSOR_DEFINITIONS = (
					"DEBUG=1",
					"$(inherited)",
				);
				GCC_WARN_64_TO_32_BIT_CONVERSION = YES;
				GCC_WARN_ABOUT_RETURN_TYPE = YES_ERROR;
				GCC_WARN_UNDECLARED_SELECTOR = YES;
				GCC_WARN_UNINITIALIZED_AUTOS = YES_AGGRESSIVE;
				GCC_WARN_UNUSED_FUNCTION = YES;
				GCC_WARN_UNUSED_VARIABLE = YES;
				IPHONEOS_DEPLOYMENT_TARGET = 13.6;
				MTL_ENABLE_DEBUG_INFO = INCLUDE_SOURCE;
				MTL_FAST_MATH = YES;
				ONLY_ACTIVE_ARCH = YES;
				SDKROOT = iphoneos;
				SWIFT_ACTIVE_COMPILATION_CONDITIONS = DEBUG;
				SWIFT_OPTIMIZATION_LEVEL = "-Onone";
			};
			name = Debug;
		};
		BA64D96D24C9ABF600273CDC /* Release */ = {
			isa = XCBuildConfiguration;
			buildSettings = {
				ALWAYS_SEARCH_USER_PATHS = NO;
				CLANG_ANALYZER_NONNULL = YES;
				CLANG_ANALYZER_NUMBER_OBJECT_CONVERSION = YES_AGGRESSIVE;
				CLANG_CXX_LANGUAGE_STANDARD = "gnu++14";
				CLANG_CXX_LIBRARY = "libc++";
				CLANG_ENABLE_MODULES = YES;
				CLANG_ENABLE_OBJC_ARC = YES;
				CLANG_ENABLE_OBJC_WEAK = YES;
				CLANG_WARN_BLOCK_CAPTURE_AUTORELEASING = YES;
				CLANG_WARN_BOOL_CONVERSION = YES;
				CLANG_WARN_COMMA = YES;
				CLANG_WARN_CONSTANT_CONVERSION = YES;
				CLANG_WARN_DEPRECATED_OBJC_IMPLEMENTATIONS = YES;
				CLANG_WARN_DIRECT_OBJC_ISA_USAGE = YES_ERROR;
				CLANG_WARN_DOCUMENTATION_COMMENTS = YES;
				CLANG_WARN_EMPTY_BODY = YES;
				CLANG_WARN_ENUM_CONVERSION = YES;
				CLANG_WARN_INFINITE_RECURSION = YES;
				CLANG_WARN_INT_CONVERSION = YES;
				CLANG_WARN_NON_LITERAL_NULL_CONVERSION = YES;
				CLANG_WARN_OBJC_IMPLICIT_RETAIN_SELF = YES;
				CLANG_WARN_OBJC_LITERAL_CONVERSION = YES;
				CLANG_WARN_OBJC_ROOT_CLASS = YES_ERROR;
				CLANG_WARN_RANGE_LOOP_ANALYSIS = YES;
				CLANG_WARN_STRICT_PROTOTYPES = YES;
				CLANG_WARN_SUSPICIOUS_MOVE = YES;
				CLANG_WARN_UNGUARDED_AVAILABILITY = YES_AGGRESSIVE;
				CLANG_WARN_UNREACHABLE_CODE = YES;
				CLANG_WARN__DUPLICATE_METHOD_MATCH = YES;
				COPY_PHASE_STRIP = NO;
				DEBUG_INFORMATION_FORMAT = "dwarf-with-dsym";
				ENABLE_NS_ASSERTIONS = NO;
				ENABLE_STRICT_OBJC_MSGSEND = YES;
				GCC_C_LANGUAGE_STANDARD = gnu11;
				GCC_NO_COMMON_BLOCKS = YES;
				GCC_WARN_64_TO_32_BIT_CONVERSION = YES;
				GCC_WARN_ABOUT_RETURN_TYPE = YES_ERROR;
				GCC_WARN_UNDECLARED_SELECTOR = YES;
				GCC_WARN_UNINITIALIZED_AUTOS = YES_AGGRESSIVE;
				GCC_WARN_UNUSED_FUNCTION = YES;
				GCC_WARN_UNUSED_VARIABLE = YES;
				IPHONEOS_DEPLOYMENT_TARGET = 13.6;
				MTL_ENABLE_DEBUG_INFO = NO;
				MTL_FAST_MATH = YES;
				SDKROOT = iphoneos;
				SWIFT_COMPILATION_MODE = wholemodule;
				SWIFT_OPTIMIZATION_LEVEL = "-O";
				VALIDATE_PRODUCT = YES;
			};
			name = Release;
		};
		BA64D96F24C9ABF600273CDC /* Debug */ = {
			isa = XCBuildConfiguration;
			buildSettings = {
				ASSETCATALOG_COMPILER_APPICON_NAME = AppIcon;
				CODE_SIGN_STYLE = Automatic;
				DEVELOPMENT_TEAM = W5X9564639;
				INFOPLIST_FILE = AutoLayout/Info.plist;
				LD_RUNPATH_SEARCH_PATHS = (
					"$(inherited)",
					"@executable_path/Frameworks",
				);
				PRODUCT_BUNDLE_IDENTIFIER = com.henrymmmm.AutoLayout;
				PRODUCT_NAME = "$(TARGET_NAME)";
				SWIFT_VERSION = 5.0;
				TARGETED_DEVICE_FAMILY = 1;
			};
			name = Debug;
		};
		BA64D97024C9ABF600273CDC /* Release */ = {
			isa = XCBuildConfiguration;
			buildSettings = {
				ASSETCATALOG_COMPILER_APPICON_NAME = AppIcon;
				CODE_SIGN_STYLE = Automatic;
				DEVELOPMENT_TEAM = W5X9564639;
				INFOPLIST_FILE = AutoLayout/Info.plist;
				LD_RUNPATH_SEARCH_PATHS = (
					"$(inherited)",
					"@executable_path/Frameworks",
				);
				PRODUCT_BUNDLE_IDENTIFIER = com.henrymmmm.AutoLayout;
				PRODUCT_NAME = "$(TARGET_NAME)";
				SWIFT_VERSION = 5.0;
				TARGETED_DEVICE_FAMILY = 1;
			};
			name = Release;
		};
		BA64D97224C9ABF600273CDC /* Debug */ = {
			isa = XCBuildConfiguration;
			buildSettings = {
				ALWAYS_EMBED_SWIFT_STANDARD_LIBRARIES = YES;
				BUNDLE_LOADER = "$(TEST_HOST)";
				CODE_SIGN_STYLE = Automatic;
				DEVELOPMENT_TEAM = W5X9564639;
				INFOPLIST_FILE = AutoLayoutTests/Info.plist;
				IPHONEOS_DEPLOYMENT_TARGET = 13.6;
				LD_RUNPATH_SEARCH_PATHS = (
					"$(inherited)",
					"@executable_path/Frameworks",
					"@loader_path/Frameworks",
				);
				PRODUCT_BUNDLE_IDENTIFIER = com.henrymmmm.AutoLayoutTests;
				PRODUCT_NAME = "$(TARGET_NAME)";
				SWIFT_VERSION = 5.0;
				TARGETED_DEVICE_FAMILY = "1,2";
				TEST_HOST = "$(BUILT_PRODUCTS_DIR)/AutoLayout.app/AutoLayout";
			};
			name = Debug;
		};
		BA64D97324C9ABF600273CDC /* Release */ = {
			isa = XCBuildConfiguration;
			buildSettings = {
				ALWAYS_EMBED_SWIFT_STANDARD_LIBRARIES = YES;
				BUNDLE_LOADER = "$(TEST_HOST)";
				CODE_SIGN_STYLE = Automatic;
				DEVELOPMENT_TEAM = W5X9564639;
				INFOPLIST_FILE = AutoLayoutTests/Info.plist;
				IPHONEOS_DEPLOYMENT_TARGET = 13.6;
				LD_RUNPATH_SEARCH_PATHS = (
					"$(inherited)",
					"@executable_path/Frameworks",
					"@loader_path/Frameworks",
				);
				PRODUCT_BUNDLE_IDENTIFIER = com.henrymmmm.AutoLayoutTests;
				PRODUCT_NAME = "$(TARGET_NAME)";
				SWIFT_VERSION = 5.0;
				TARGETED_DEVICE_FAMILY = "1,2";
				TEST_HOST = "$(BUILT_PRODUCTS_DIR)/AutoLayout.app/AutoLayout";
			};
			name = Release;
		};
		BA64D97524C9ABF600273CDC /* Debug */ = {
			isa = XCBuildConfiguration;
			buildSettings = {
				ALWAYS_EMBED_SWIFT_STANDARD_LIBRARIES = YES;
				CODE_SIGN_STYLE = Automatic;
				DEVELOPMENT_TEAM = W5X9564639;
				INFOPLIST_FILE = AutoLayoutUITests/Info.plist;
				LD_RUNPATH_SEARCH_PATHS = (
					"$(inherited)",
					"@executable_path/Frameworks",
					"@loader_path/Frameworks",
				);
				PRODUCT_BUNDLE_IDENTIFIER = com.henrymmmm.AutoLayoutUITests;
				PRODUCT_NAME = "$(TARGET_NAME)";
				SWIFT_VERSION = 5.0;
				TARGETED_DEVICE_FAMILY = "1,2";
				TEST_TARGET_NAME = AutoLayout;
			};
			name = Debug;
		};
		BA64D97624C9ABF600273CDC /* Release */ = {
			isa = XCBuildConfiguration;
			buildSettings = {
				ALWAYS_EMBED_SWIFT_STANDARD_LIBRARIES = YES;
				CODE_SIGN_STYLE = Automatic;
				DEVELOPMENT_TEAM = W5X9564639;
				INFOPLIST_FILE = AutoLayoutUITests/Info.plist;
				LD_RUNPATH_SEARCH_PATHS = (
					"$(inherited)",
					"@executable_path/Frameworks",
					"@loader_path/Frameworks",
				);
				PRODUCT_BUNDLE_IDENTIFIER = com.henrymmmm.AutoLayoutUITests;
				PRODUCT_NAME = "$(TARGET_NAME)";
				SWIFT_VERSION = 5.0;
				TARGETED_DEVICE_FAMILY = "1,2";
				TEST_TARGET_NAME = AutoLayout;
			};
			name = Release;
		};
/* End XCBuildConfiguration section */

/* Begin XCConfigurationList section */
		BA64D93F24C9ABF500273CDC /* Build configuration list for PBXProject "AutoLayout" */ = {
			isa = XCConfigurationList;
			buildConfigurations = (
				BA64D96C24C9ABF600273CDC /* Debug */,
				BA64D96D24C9ABF600273CDC /* Release */,
			);
			defaultConfigurationIsVisible = 0;
			defaultConfigurationName = Release;
		};
		BA64D96E24C9ABF600273CDC /* Build configuration list for PBXNativeTarget "AutoLayout" */ = {
			isa = XCConfigurationList;
			buildConfigurations = (
				BA64D96F24C9ABF600273CDC /* Debug */,
				BA64D97024C9ABF600273CDC /* Release */,
			);
			defaultConfigurationIsVisible = 0;
			defaultConfigurationName = Release;
		};
		BA64D97124C9ABF600273CDC /* Build configuration list for PBXNativeTarget "AutoLayoutTests" */ = {
			isa = XCConfigurationList;
			buildConfigurations = (
				BA64D97224C9ABF600273CDC /* Debug */,
				BA64D97324C9ABF600273CDC /* Release */,
			);
			defaultConfigurationIsVisible = 0;
			defaultConfigurationName = Release;
		};
		BA64D97424C9ABF600273CDC /* Build configuration list for PBXNativeTarget "AutoLayoutUITests" */ = {
			isa = XCConfigurationList;
			buildConfigurations = (
				BA64D97524C9ABF600273CDC /* Debug */,
				BA64D97624C9ABF600273CDC /* Release */,
			);
			defaultConfigurationIsVisible = 0;
			defaultConfigurationName = Release;
		};
/* End XCConfigurationList section */
	};
	rootObject = BA64D93C24C9ABF500273CDC /* Project object */;
}
